{
  "name": "web-bundle-zip",
  "version": "0.0.1",
  "lockfileVersion": 3,
  "requires": true,
  "packages": {
    "": {
      "name": "web-bundle-zip",
      "version": "0.0.1",
      "dependencies": {
        "adm-zip": "^0.5.16"
      }
    },
    "node_modules/adm-zip": {
      "version": "0.5.16",
      "resolved": "https://mirrors.cloud.tencent.com/npm/adm-zip/-/adm-zip-0.5.16.tgz",
      "integrity": "sha512-TGw5yVi4saajsSEgz25grObGHEUaDrniwvA2qwSC060KfqGPdglhvPMA2lPIoxs3PQIItj2iag35fONcQqgUaQ==",
      "engines": {
        "node": ">=12.0"
      }
    }
  }
}
